
Microsoft Visual Studio Solution File, Format Version 12.00
# Visual Studio Version 17
VisualStudioVersion = 17.5.33414.496
MinimumVisualStudioVersion = 10.0.40219.1
Project("{FAE04EC0-301F-11D3-BF4B-00C04F79EFBC}") = "ConsoleAppFatec", "ConsoleAppFatec\ConsoleAppFatec.csproj", "{9416C5ED-6FD3-49F9-8810-6DB7FF9C89B1}"
EndProject
Global
	GlobalSection(SolutionConfigurationPlatforms) = preSolution
		Debug|Any CPU = Debug|Any CPU
		Release|Any CPU = Release|Any CPU
	EndGlobalSection
	GlobalSection(ProjectConfigurationPlatforms) = postSolution
		{9416C5ED-6FD3-49F9-8810-6DB7FF9C89B1}.Debug|Any CPU.ActiveCfg = Debug|Any CPU
		{9416C5ED-6FD3-49F9-8810-6DB7FF9C89B1}.Debug|Any CPU.Build.0 = Debug|Any CPU
		{9416C5ED-6FD3-49F9-8810-6DB7FF9C89B1}.Release|Any CPU.ActiveCfg = Release|Any CPU
		{9416C5ED-6FD3-49F9-8810-6DB7FF9C89B1}.Release|Any CPU.Build.0 = Release|Any CPU
	EndGlobalSection
	GlobalSection(SolutionProperties) = preSolution
		HideSolutionNode = FALSE
	EndGlobalSection
	GlobalSection(ExtensibilityGlobals) = postSolution
		SolutionGuid = {05500C41-5733-4A2E-B81B-33DDBC26ED9E}
	EndGlobalSection
EndGlobal
